
Microsoft Visual Studio Solution File, Format Version 12.00
# Visual Studio Version 16
VisualStudioVersion = 16.0.31129.286
MinimumVisualStudioVersion = 10.0.40219.1
Project("{FAE04EC0-301F-11D3-BF4B-00C04F79EFBC}") = "MusicApi", "MusicApi.csproj", "{EB239B74-3E43-4212-81EE-AEAEB4090263}"
EndProject
Global
	GlobalSection(SolutionConfigurationPlatforms) = preSolution
		Debug|Any CPU = Debug|Any CPU
		Release|Any CPU = Release|Any CPU
	EndGlobalSection
	GlobalSection(ProjectConfigurationPlatforms) = postSolution
		{EB239B74-3E43-4212-81EE-AEAEB4090263}.Debug|Any CPU.ActiveCfg = Debug|Any CPU
		{EB239B74-3E43-4212-81EE-AEAEB4090263}.Debug|Any CPU.Build.0 = Debug|Any CPU
		{EB239B74-3E43-4212-81EE-AEAEB4090263}.Release|Any CPU.ActiveCfg = Release|Any CPU
		{EB239B74-3E43-4212-81EE-AEAEB4090263}.Release|Any CPU.Build.0 = Release|Any CPU
	EndGlobalSection
	GlobalSection(SolutionProperties) = preSolution
		HideSolutionNode = FALSE
	EndGlobalSection
	GlobalSection(ExtensibilityGlobals) = postSolution
		SolutionGuid = {E5240054-F732-4766-987D-B1055A00CA85}
	EndGlobalSection
EndGlobal
